
Microsoft Visual Studio Solution File, Format Version 12.00
# Visual Studio 2015
Project("{FAE04EC0-301F-11D3-BF4B-00C04F79EFBC}") = "SouffleMatch.CSharp.Plugins", "SouffleMatch.CSharp.Plugins.csproj", "{25275EC6-F66D-958E-3D0D-416C50380304}"
EndProject
Project("{FAE04EC0-301F-11D3-BF4B-00C04F79EFBC}") = "SouffleMatch.CSharp", "SouffleMatch.CSharp.csproj", "{74DA5E8C-9F32-708B-EC04-3F849C08CD3A}"
EndProject
Project("{FAE04EC0-301F-11D3-BF4B-00C04F79EFBC}") = "SouffleMatch.CSharp.Editor", "SouffleMatch.CSharp.Editor.csproj", "{E39C95AF-4DC4-545B-E88F-315800188DEC}"
EndProject
Global
	GlobalSection(SolutionConfigurationPlatforms) = preSolution
		Debug|Any CPU = Debug|Any CPU
		Release|Any CPU = Release|Any CPU
	EndGlobalSection
	GlobalSection(ProjectConfigurationPlatforms) = postSolution
		{25275EC6-F66D-958E-3D0D-416C50380304}.Debug|Any CPU.ActiveCfg = Debug|Any CPU
		{25275EC6-F66D-958E-3D0D-416C50380304}.Debug|Any CPU.Build.0 = Debug|Any CPU
		{25275EC6-F66D-958E-3D0D-416C50380304}.Release|Any CPU.ActiveCfg = Release|Any CPU
		{25275EC6-F66D-958E-3D0D-416C50380304}.Release|Any CPU.Build.0 = Release|Any CPU
		{74DA5E8C-9F32-708B-EC04-3F849C08CD3A}.Debug|Any CPU.ActiveCfg = Debug|Any CPU
		{74DA5E8C-9F32-708B-EC04-3F849C08CD3A}.Debug|Any CPU.Build.0 = Debug|Any CPU
		{74DA5E8C-9F32-708B-EC04-3F849C08CD3A}.Release|Any CPU.ActiveCfg = Release|Any CPU
		{74DA5E8C-9F32-708B-EC04-3F849C08CD3A}.Release|Any CPU.Build.0 = Release|Any CPU
		{E39C95AF-4DC4-545B-E88F-315800188DEC}.Debug|Any CPU.ActiveCfg = Debug|Any CPU
		{E39C95AF-4DC4-545B-E88F-315800188DEC}.Debug|Any CPU.Build.0 = Debug|Any CPU
		{E39C95AF-4DC4-545B-E88F-315800188DEC}.Release|Any CPU.ActiveCfg = Release|Any CPU
		{E39C95AF-4DC4-545B-E88F-315800188DEC}.Release|Any CPU.Build.0 = Release|Any CPU
	EndGlobalSection
	GlobalSection(SolutionProperties) = preSolution
		HideSolutionNode = FALSE
	EndGlobalSection
EndGlobal
